// !$*UTF8*$!
{
	archiveVersion = 1;
	classes = {
	};
	objectVersion = 46;
	objects = {

/* Begin PBXBuildFile section */
		8379867B1E31AAC900B0CA2E /* main.m in Sources */ = {isa = PBXBuildFile; fileRef = 8379867A1E31AAC900B0CA2E /* main.m */; };
		8379867E1E31AAC900B0CA2E /* AppDelegate.m in Sources */ = {isa = PBXBuildFile; fileRef = 8379867D1E31AAC900B0CA2E /* AppDelegate.m */; };
		837986811E31AAC900B0CA2E /* ViewController.m in Sources */ = {isa = PBXBuildFile; fileRef = 837986801E31AAC900B0CA2E /* ViewController.m */; };
		837986841E31AAC900B0CA2E /* Main.storyboard in Resources */ = {isa = PBXBuildFile; fileRef = 837986821E31AAC900B0CA2E /* Main.storyboard */; };
		837986871E31AAC900B0CA2E /* BBTestAppBundleIdentifiers.xcdatamodeld in Sources */ = {isa = PBXBuildFile; fileRef = 837986851E31AAC900B0CA2E /* BBTestAppBundleIdentifiers.xcdatamodeld */; };
		837986891E31AAC900B0CA2E /* Assets.xcassets in Resources */ = {isa = PBXBuildFile; fileRef = 837986881E31AAC900B0CA2E /* Assets.xcassets */; };
		8379868C1E31AAC900B0CA2E /* LaunchScreen.storyboard in Resources */ = {isa = PBXBuildFile; fileRef = 8379868A1E31AAC900B0CA2E /* LaunchScreen.storyboard */; };
		837986971E31AAC900B0CA2E /* BBTestAppBundleIdentifiersTests.m in Sources */ = {isa = PBXBuildFile; fileRef = 837986961E31AAC900B0CA2E /* BBTestAppBundleIdentifiersTests.m */; };
		837986A81E31AB2800B0CA2E /* Messages.framework in Frameworks */ = {isa = PBXBuildFile; fileRef = 837986A71E31AB2800B0CA2E /* Messages.framework */; };
		837986AC1E31AB2800B0CA2E /* MessagesViewController.m in Sources */ = {isa = PBXBuildFile; fileRef = 837986AB1E31AB2800B0CA2E /* MessagesViewController.m */; };
		837986AF1E31AB2800B0CA2E /* MainInterface.storyboard in Resources */ = {isa = PBXBuildFile; fileRef = 837986AD1E31AB2800B0CA2E /* MainInterface.storyboard */; };
		837986B11E31AB2800B0CA2E /* Assets.xcassets in Resources */ = {isa = PBXBuildFile; fileRef = 837986B01E31AB2800B0CA2E /* Assets.xcassets */; };
		837986B51E31AB2800B0CA2E /* iMessageApp.appex in Embed App Extensions */ = {isa = PBXBuildFile; fileRef = 837986A51E31AB2800B0CA2E /* iMessageApp.appex */; settings = {ATTRIBUTES = (RemoveHeadersOnCopy, ); }; };
		837986C01E31AB3C00B0CA2E /* Interface.storyboard in Resources */ = {isa = PBXBuildFile; fileRef = 837986BE1E31AB3C00B0CA2E /* Interface.storyboard */; };
		837986C21E31AB3C00B0CA2E /* Assets.xcassets in Resources */ = {isa = PBXBuildFile; fileRef = 837986C11E31AB3C00B0CA2E /* Assets.xcassets */; };
		837986C91E31AB3C00B0CA2E /* WatchApp Extension.appex in Embed App Extensions */ = {isa = PBXBuildFile; fileRef = 837986C81E31AB3C00B0CA2E /* WatchApp Extension.appex */; settings = {ATTRIBUTES = (RemoveHeadersOnCopy, ); }; };
		837986D11E31AB3C00B0CA2E /* InterfaceController.m in Sources */ = {isa = PBXBuildFile; fileRef = 837986D01E31AB3C00B0CA2E /* InterfaceController.m */; };
		837986D41E31AB3C00B0CA2E /* ExtensionDelegate.m in Sources */ = {isa = PBXBuildFile; fileRef = 837986D31E31AB3C00B0CA2E /* ExtensionDelegate.m */; };
		837986D71E31AB3C00B0CA2E /* NotificationController.m in Sources */ = {isa = PBXBuildFile; fileRef = 837986D61E31AB3C00B0CA2E /* NotificationController.m */; };
		837986D91E31AB3C00B0CA2E /* Assets.xcassets in Resources */ = {isa = PBXBuildFile; fileRef = 837986D81E31AB3C00B0CA2E /* Assets.xcassets */; };
		837986DD1E31AB3C00B0CA2E /* WatchApp.app in Embed Watch Content */ = {isa = PBXBuildFile; fileRef = 837986BC1E31AB3C00B0CA2E /* WatchApp.app */; };
		837986F41E31AB4900B0CA2E /* Framework.framework in Frameworks */ = {isa = PBXBuildFile; fileRef = 837986EB1E31AB4900B0CA2E /* Framework.framework */; };
		837986FB1E31AB4900B0CA2E /* FrameworkTests.m in Sources */ = {isa = PBXBuildFile; fileRef = 837986FA1E31AB4900B0CA2E /* FrameworkTests.m */; };
		837986FD1E31AB4900B0CA2E /* Framework.h in Headers */ = {isa = PBXBuildFile; fileRef = 837986ED1E31AB4900B0CA2E /* Framework.h */; settings = {ATTRIBUTES = (Public, ); }; };
		837987001E31AB4900B0CA2E /* Framework.framework in Frameworks */ = {isa = PBXBuildFile; fileRef = 837986EB1E31AB4900B0CA2E /* Framework.framework */; };
		837987011E31AB4900B0CA2E /* Framework.framework in Embed Frameworks */ = {isa = PBXBuildFile; fileRef = 837986EB1E31AB4900B0CA2E /* Framework.framework */; settings = {ATTRIBUTES = (CodeSignOnCopy, RemoveHeadersOnCopy, ); }; };
/* End PBXBuildFile section */

/* Begin PBXContainerItemProxy section */
		837986931E31AAC900B0CA2E /* PBXContainerItemProxy */ = {
			isa = PBXContainerItemProxy;
			containerPortal = 8379866E1E31AAC900B0CA2E /* Project object */;
			proxyType = 1;
			remoteGlobalIDString = 837986751E31AAC900B0CA2E;
			remoteInfo = BBTestAppBundleIdentifiers;
		};
		837986B31E31AB2800B0CA2E /* PBXContainerItemProxy */ = {
			isa = PBXContainerItemProxy;
			containerPortal = 8379866E1E31AAC900B0CA2E /* Project object */;
			proxyType = 1;
			remoteGlobalIDString = 837986A41E31AB2800B0CA2E;
			remoteInfo = iMessageApp;
		};
		837986CA1E31AB3C00B0CA2E /* PBXContainerItemProxy */ = {
			isa = PBXContainerItemProxy;
			containerPortal = 8379866E1E31AAC900B0CA2E /* Project object */;
			proxyType = 1;
			remoteGlobalIDString = 837986C71E31AB3C00B0CA2E;
			remoteInfo = "WatchApp Extension";
		};
		837986DB1E31AB3C00B0CA2E /* PBXContainerItemProxy */ = {
			isa = PBXContainerItemProxy;
			containerPortal = 8379866E1E31AAC900B0CA2E /* Project object */;
			proxyType = 1;
			remoteGlobalIDString = 837986BB1E31AB3C00B0CA2E;
			remoteInfo = WatchApp;
		};
		837986F51E31AB4900B0CA2E /* PBXContainerItemProxy */ = {
			isa = PBXContainerItemProxy;
			containerPortal = 8379866E1E31AAC900B0CA2E /* Project object */;
			proxyType = 1;
			remoteGlobalIDString = 837986EA1E31AB4900B0CA2E;
			remoteInfo = Framework;
		};
		837986F71E31AB4900B0CA2E /* PBXContainerItemProxy */ = {
			isa = PBXContainerItemProxy;
			containerPortal = 8379866E1E31AAC900B0CA2E /* Project object */;
			proxyType = 1;
			remoteGlobalIDString = 837986751E31AAC900B0CA2E;
			remoteInfo = BBTestAppBundleIdentifiers;
		};
		837986FE1E31AB4900B0CA2E /* PBXContainerItemProxy */ = {
			isa = PBXContainerItemProxy;
			containerPortal = 8379866E1E31AAC900B0CA2E /* Project object */;
			proxyType = 1;
			remoteGlobalIDString = 837986EA1E31AB4900B0CA2E;
			remoteInfo = Framework;
		};
/* End PBXContainerItemProxy section */

/* Begin PBXCopyFilesBuildPhase section */
		837986B91E31AB2800B0CA2E /* Embed App Extensions */ = {
			isa = PBXCopyFilesBuildPhase;
			buildActionMask = 2147483647;
			dstPath = "";
			dstSubfolderSpec = 13;
			files = (
				837986B51E31AB2800B0CA2E /* iMessageApp.appex in Embed App Extensions */,
			);
			name = "Embed App Extensions";
			runOnlyForDeploymentPostprocessing = 0;
		};
		837986E11E31AB3C00B0CA2E /* Embed App Extensions */ = {
			isa = PBXCopyFilesBuildPhase;
			buildActionMask = 2147483647;
			dstPath = "";
			dstSubfolderSpec = 13;
			files = (
				837986C91E31AB3C00B0CA2E /* WatchApp Extension.appex in Embed App Extensions */,
			);
			name = "Embed App Extensions";
			runOnlyForDeploymentPostprocessing = 0;
		};
		837986E51E31AB3C00B0CA2E /* Embed Watch Content */ = {
			isa = PBXCopyFilesBuildPhase;
			buildActionMask = 2147483647;
			dstPath = "$(CONTENTS_FOLDER_PATH)/Watch";
			dstSubfolderSpec = 16;
			files = (
				837986DD1E31AB3C00B0CA2E /* WatchApp.app in Embed Watch Content */,
			);
			name = "Embed Watch Content";
			runOnlyForDeploymentPostprocessing = 0;
		};
		837987051E31AB4900B0CA2E /* Embed Frameworks */ = {
			isa = PBXCopyFilesBuildPhase;
			buildActionMask = 2147483647;
			dstPath = "";
			dstSubfolderSpec = 10;
			files = (
				837987011E31AB4900B0CA2E /* Framework.framework in Embed Frameworks */,
			);
			name = "Embed Frameworks";
			runOnlyForDeploymentPostprocessing = 0;
		};
/* End PBXCopyFilesBuildPhase section */

/* Begin PBXFileReference section */
		837986761E31AAC900B0CA2E /* BBTestAppBundleIdentifiers.app */ = {isa = PBXFileReference; explicitFileType = wrapper.application; includeInIndex = 0; path = BBTestAppBundleIdentifiers.app; sourceTree = BUILT_PRODUCTS_DIR; };
		8379867A1E31AAC900B0CA2E /* main.m */ = {isa = PBXFileReference; lastKnownFileType = sourcecode.c.objc; path = main.m; sourceTree = "<group>"; };
		8379867C1E31AAC900B0CA2E /* AppDelegate.h */ = {isa = PBXFileReference; lastKnownFileType = sourcecode.c.h; path = AppDelegate.h; sourceTree = "<group>"; };
		8379867D1E31AAC900B0CA2E /* AppDelegate.m */ = {isa = PBXFileReference; lastKnownFileType = sourcecode.c.objc; path = AppDelegate.m; sourceTree = "<group>"; };
		8379867F1E31AAC900B0CA2E /* ViewController.h */ = {isa = PBXFileReference; lastKnownFileType = sourcecode.c.h; path = ViewController.h; sourceTree = "<group>"; };
		837986801E31AAC900B0CA2E /* ViewController.m */ = {isa = PBXFileReference; lastKnownFileType = sourcecode.c.objc; path = ViewController.m; sourceTree = "<group>"; };
		837986831E31AAC900B0CA2E /* Base */ = {isa = PBXFileReference; lastKnownFileType = file.storyboard; name = Base; path = Base.lproj/Main.storyboard; sourceTree = "<group>"; };
		837986861E31AAC900B0CA2E /* BBTestAppBundleIdentifiers.xcdatamodel */ = {isa = PBXFileReference; lastKnownFileType = wrapper.xcdatamodel; path = BBTestAppBundleIdentifiers.xcdatamodel; sourceTree = "<group>"; };
		837986881E31AAC900B0CA2E /* Assets.xcassets */ = {isa = PBXFileReference; lastKnownFileType = folder.assetcatalog; path = Assets.xcassets; sourceTree = "<group>"; };
		8379868B1E31AAC900B0CA2E /* Base */ = {isa = PBXFileReference; lastKnownFileType = file.storyboard; name = Base; path = Base.lproj/LaunchScreen.storyboard; sourceTree = "<group>"; };
		8379868D1E31AAC900B0CA2E /* Info.plist */ = {isa = PBXFileReference; lastKnownFileType = text.plist.xml; path = Info.plist; sourceTree = "<group>"; };
		837986921E31AAC900B0CA2E /* BBTestAppBundleIdentifiersTests.xctest */ = {isa = PBXFileReference; explicitFileType = wrapper.cfbundle; includeInIndex = 0; path = BBTestAppBundleIdentifiersTests.xctest; sourceTree = BUILT_PRODUCTS_DIR; };
		837986961E31AAC900B0CA2E /* BBTestAppBundleIdentifiersTests.m */ = {isa = PBXFileReference; lastKnownFileType = sourcecode.c.objc; path = BBTestAppBundleIdentifiersTests.m; sourceTree = "<group>"; };
		837986981E31AAC900B0CA2E /* Info.plist */ = {isa = PBXFileReference; lastKnownFileType = text.plist.xml; path = Info.plist; sourceTree = "<group>"; };
		837986A51E31AB2800B0CA2E /* iMessageApp.appex */ = {isa = PBXFileReference; explicitFileType = "wrapper.app-extension"; includeInIndex = 0; path = iMessageApp.appex; sourceTree = BUILT_PRODUCTS_DIR; };
		837986A71E31AB2800B0CA2E /* Messages.framework */ = {isa = PBXFileReference; lastKnownFileType = wrapper.framework; name = Messages.framework; path = System/Library/Frameworks/Messages.framework; sourceTree = SDKROOT; };
		837986AA1E31AB2800B0CA2E /* MessagesViewController.h */ = {isa = PBXFileReference; lastKnownFileType = sourcecode.c.h; path = MessagesViewController.h; sourceTree = "<group>"; };
		837986AB1E31AB2800B0CA2E /* MessagesViewController.m */ = {isa = PBXFileReference; lastKnownFileType = sourcecode.c.objc; path = MessagesViewController.m; sourceTree = "<group>"; };
		837986AE1E31AB2800B0CA2E /* Base */ = {isa = PBXFileReference; lastKnownFileType = file.storyboard; name = Base; path = Base.lproj/MainInterface.storyboard; sourceTree = "<group>"; };
		837986B01E31AB2800B0CA2E /* Assets.xcassets */ = {isa = PBXFileReference; lastKnownFileType = folder.assetcatalog; path = Assets.xcassets; sourceTree = "<group>"; };
		837986B21E31AB2800B0CA2E /* Info.plist */ = {isa = PBXFileReference; lastKnownFileType = text.plist.xml; path = Info.plist; sourceTree = "<group>"; };
		837986BC1E31AB3C00B0CA2E /* WatchApp.app */ = {isa = PBXFileReference; explicitFileType = wrapper.application; includeInIndex = 0; path = WatchApp.app; sourceTree = BUILT_PRODUCTS_DIR; };
		837986BF1E31AB3C00B0CA2E /* Base */ = {isa = PBXFileReference; lastKnownFileType = file.storyboard; name = Base; path = Base.lproj/Interface.storyboard; sourceTree = "<group>"; };
		837986C11E31AB3C00B0CA2E /* Assets.xcassets */ = {isa = PBXFileReference; lastKnownFileType = folder.assetcatalog; path = Assets.xcassets; sourceTree = "<group>"; };
		837986C31E31AB3C00B0CA2E /* Info.plist */ = {isa = PBXFileReference; lastKnownFileType = text.plist.xml; path = Info.plist; sourceTree = "<group>"; };
		837986C81E31AB3C00B0CA2E /* WatchApp Extension.appex */ = {isa = PBXFileReference; explicitFileType = "wrapper.app-extension"; includeInIndex = 0; path = "WatchApp Extension.appex"; sourceTree = BUILT_PRODUCTS_DIR; };
		837986CE1E31AB3C00B0CA2E /* PushNotificationPayload.apns */ = {isa = PBXFileReference; lastKnownFileType = text; path = PushNotificationPayload.apns; sourceTree = "<group>"; };
		837986CF1E31AB3C00B0CA2E /* InterfaceController.h */ = {isa = PBXFileReference; lastKnownFileType = sourcecode.c.h; path = InterfaceController.h; sourceTree = "<group>"; };
		837986D01E31AB3C00B0CA2E /* InterfaceController.m */ = {isa = PBXFileReference; lastKnownFileType = sourcecode.c.objc; path = InterfaceController.m; sourceTree = "<group>"; };
		837986D21E31AB3C00B0CA2E /* ExtensionDelegate.h */ = {isa = PBXFileReference; lastKnownFileType = sourcecode.c.h; path = ExtensionDelegate.h; sourceTree = "<group>"; };
		837986D31E31AB3C00B0CA2E /* ExtensionDelegate.m */ = {isa = PBXFileReference; lastKnownFileType = sourcecode.c.objc; path = ExtensionDelegate.m; sourceTree = "<group>"; };
		837986D51E31AB3C00B0CA2E /* NotificationController.h */ = {isa = PBXFileReference; lastKnownFileType = sourcecode.c.h; path = NotificationController.h; sourceTree = "<group>"; };
		837986D61E31AB3C00B0CA2E /* NotificationController.m */ = {isa = PBXFileReference; lastKnownFileType = sourcecode.c.objc; path = NotificationController.m; sourceTree = "<group>"; };
		837986D81E31AB3C00B0CA2E /* Assets.xcassets */ = {isa = PBXFileReference; lastKnownFileType = folder.assetcatalog; path = Assets.xcassets; sourceTree = "<group>"; };
		837986DA1E31AB3C00B0CA2E /* Info.plist */ = {isa = PBXFileReference; lastKnownFileType = text.plist.xml; path = Info.plist; sourceTree = "<group>"; };
		837986EB1E31AB4900B0CA2E /* Framework.framework */ = {isa = PBXFileReference; explicitFileType = wrapper.framework; includeInIndex = 0; path = Framework.framework; sourceTree = BUILT_PRODUCTS_DIR; };
		837986ED1E31AB4900B0CA2E /* Framework.h */ = {isa = PBXFileReference; lastKnownFileType = sourcecode.c.h; path = Framework.h; sourceTree = "<group>"; };
		837986EE1E31AB4900B0CA2E /* Info.plist */ = {isa = PBXFileReference; lastKnownFileType = text.plist.xml; path = Info.plist; sourceTree = "<group>"; };
		837986F31E31AB4900B0CA2E /* FrameworkTests.xctest */ = {isa = PBXFileReference; explicitFileType = wrapper.cfbundle; includeInIndex = 0; path = FrameworkTests.xctest; sourceTree = BUILT_PRODUCTS_DIR; };
		837986FA1E31AB4900B0CA2E /* FrameworkTests.m */ = {isa = PBXFileReference; lastKnownFileType = sourcecode.c.objc; path = FrameworkTests.m; sourceTree = "<group>"; };
		837986FC1E31AB4900B0CA2E /* Info.plist */ = {isa = PBXFileReference; lastKnownFileType = text.plist.xml; path = Info.plist; sourceTree = "<group>"; };
/* End PBXFileReference section */

/* Begin PBXFrameworksBuildPhase section */
		837986731E31AAC900B0CA2E /* Frameworks */ = {
			isa = PBXFrameworksBuildPhase;
			buildActionMask = 2147483647;
			files = (
				837987001E31AB4900B0CA2E /* Framework.framework in Frameworks */,
			);
			runOnlyForDeploymentPostprocessing = 0;
		};
		8379868F1E31AAC900B0CA2E /* Frameworks */ = {
			isa = PBXFrameworksBuildPhase;
			buildActionMask = 2147483647;
			files = (
			);
			runOnlyForDeploymentPostprocessing = 0;
		};
		837986A21E31AB2800B0CA2E /* Frameworks */ = {
			isa = PBXFrameworksBuildPhase;
			buildActionMask = 2147483647;
			files = (
				837986A81E31AB2800B0CA2E /* Messages.framework in Frameworks */,
			);
			runOnlyForDeploymentPostprocessing = 0;
		};
		837986C51E31AB3C00B0CA2E /* Frameworks */ = {
			isa = PBXFrameworksBuildPhase;
			buildActionMask = 2147483647;
			files = (
			);
			runOnlyForDeploymentPostprocessing = 0;
		};
		837986E71E31AB4900B0CA2E /* Frameworks */ = {
			isa = PBXFrameworksBuildPhase;
			buildActionMask = 2147483647;
			files = (
			);
			runOnlyForDeploymentPostprocessing = 0;
		};
		837986F01E31AB4900B0CA2E /* Frameworks */ = {
			isa = PBXFrameworksBuildPhase;
			buildActionMask = 2147483647;
			files = (
				837986F41E31AB4900B0CA2E /* Framework.framework in Frameworks */,
			);
			runOnlyForDeploymentPostprocessing = 0;
		};
/* End PBXFrameworksBuildPhase section */

/* Begin PBXGroup section */
		8379866D1E31AAC900B0CA2E = {
			isa = PBXGroup;
			children = (
				837986781E31AAC900B0CA2E /* BBTestAppBundleIdentifiers */,
				837986951E31AAC900B0CA2E /* BBTestAppBundleIdentifiersTests */,
				837986A91E31AB2800B0CA2E /* iMessageApp */,
				837986BD1E31AB3C00B0CA2E /* WatchApp */,
				837986CC1E31AB3C00B0CA2E /* WatchApp Extension */,
				837986EC1E31AB4900B0CA2E /* Framework */,
				837986F91E31AB4900B0CA2E /* FrameworkTests */,
				837986A61E31AB2800B0CA2E /* Frameworks */,
				837986771E31AAC900B0CA2E /* Products */,
			);
			sourceTree = "<group>";
		};
		837986771E31AAC900B0CA2E /* Products */ = {
			isa = PBXGroup;
			children = (
				837986761E31AAC900B0CA2E /* BBTestAppBundleIdentifiers.app */,
				837986921E31AAC900B0CA2E /* BBTestAppBundleIdentifiersTests.xctest */,
				837986A51E31AB2800B0CA2E /* iMessageApp.appex */,
				837986BC1E31AB3C00B0CA2E /* WatchApp.app */,
				837986C81E31AB3C00B0CA2E /* WatchApp Extension.appex */,
				837986EB1E31AB4900B0CA2E /* Framework.framework */,
				837986F31E31AB4900B0CA2E /* FrameworkTests.xctest */,
			);
			name = Products;
			sourceTree = "<group>";
		};
		837986781E31AAC900B0CA2E /* BBTestAppBundleIdentifiers */ = {
			isa = PBXGroup;
			children = (
				8379867C1E31AAC900B0CA2E /* AppDelegate.h */,
				8379867D1E31AAC900B0CA2E /* AppDelegate.m */,
				8379867F1E31AAC900B0CA2E /* ViewController.h */,
				837986801E31AAC900B0CA2E /* ViewController.m */,
				837986821E31AAC900B0CA2E /* Main.storyboard */,
				837986881E31AAC900B0CA2E /* Assets.xcassets */,
				8379868A1E31AAC900B0CA2E /* LaunchScreen.storyboard */,
				8379868D1E31AAC900B0CA2E /* Info.plist */,
				837986851E31AAC900B0CA2E /* BBTestAppBundleIdentifiers.xcdatamodeld */,
				837986791E31AAC900B0CA2E /* Supporting Files */,
			);
			path = BBTestAppBundleIdentifiers;
			sourceTree = "<group>";
		};
		837986791E31AAC900B0CA2E /* Supporting Files */ = {
			isa = PBXGroup;
			children = (
				8379867A1E31AAC900B0CA2E /* main.m */,
			);
			name = "Supporting Files";
			sourceTree = "<group>";
		};
		837986951E31AAC900B0CA2E /* BBTestAppBundleIdentifiersTests */ = {
			isa = PBXGroup;
			children = (
				837986961E31AAC900B0CA2E /* BBTestAppBundleIdentifiersTests.m */,
				837986981E31AAC900B0CA2E /* Info.plist */,
			);
			path = BBTestAppBundleIdentifiersTests;
			sourceTree = "<group>";
		};
		837986A61E31AB2800B0CA2E /* Frameworks */ = {
			isa = PBXGroup;
			children = (
				837986A71E31AB2800B0CA2E /* Messages.framework */,
			);
			name = Frameworks;
			sourceTree = "<group>";
		};
		837986A91E31AB2800B0CA2E /* iMessageApp */ = {
			isa = PBXGroup;
			children = (
				837986AA1E31AB2800B0CA2E /* MessagesViewController.h */,
				837986AB1E31AB2800B0CA2E /* MessagesViewController.m */,
				837986AD1E31AB2800B0CA2E /* MainInterface.storyboard */,
				837986B01E31AB2800B0CA2E /* Assets.xcassets */,
				837986B21E31AB2800B0CA2E /* Info.plist */,
			);
			path = iMessageApp;
			sourceTree = "<group>";
		};
		837986BD1E31AB3C00B0CA2E /* WatchApp */ = {
			isa = PBXGroup;
			children = (
				837986BE1E31AB3C00B0CA2E /* Interface.storyboard */,
				837986C11E31AB3C00B0CA2E /* Assets.xcassets */,
				837986C31E31AB3C00B0CA2E /* Info.plist */,
			);
			path = WatchApp;
			sourceTree = "<group>";
		};
		837986CC1E31AB3C00B0CA2E /* WatchApp Extension */ = {
			isa = PBXGroup;
			children = (
				837986CF1E31AB3C00B0CA2E /* InterfaceController.h */,
				837986D01E31AB3C00B0CA2E /* InterfaceController.m */,
				837986D21E31AB3C00B0CA2E /* ExtensionDelegate.h */,
				837986D31E31AB3C00B0CA2E /* ExtensionDelegate.m */,
				837986D51E31AB3C00B0CA2E /* NotificationController.h */,
				837986D61E31AB3C00B0CA2E /* NotificationController.m */,
				837986D81E31AB3C00B0CA2E /* Assets.xcassets */,
				837986DA1E31AB3C00B0CA2E /* Info.plist */,
				837986CD1E31AB3C00B0CA2E /* Supporting Files */,
			);
			path = "WatchApp Extension";
			sourceTree = "<group>";
		};
		837986CD1E31AB3C00B0CA2E /* Supporting Files */ = {
			isa = PBXGroup;
			children = (
				837986CE1E31AB3C00B0CA2E /* PushNotificationPayload.apns */,
			);
			name = "Supporting Files";
			sourceTree = "<group>";
		};
		837986EC1E31AB4900B0CA2E /* Framework */ = {
			isa = PBXGroup;
			children = (
				837986ED1E31AB4900B0CA2E /* Framework.h */,
				837986EE1E31AB4900B0CA2E /* Info.plist */,
			);
			path = Framework;
			sourceTree = "<group>";
		};
		837986F91E31AB4900B0CA2E /* FrameworkTests */ = {
			isa = PBXGroup;
			children = (
				837986FA1E31AB4900B0CA2E /* FrameworkTests.m */,
				837986FC1E31AB4900B0CA2E /* Info.plist */,
			);
			path = FrameworkTests;
			sourceTree = "<group>";
		};
/* End PBXGroup section */

/* Begin PBXHeadersBuildPhase section */
		837986E81E31AB4900B0CA2E /* Headers */ = {
			isa = PBXHeadersBuildPhase;
			buildActionMask = 2147483647;
			files = (
				837986FD1E31AB4900B0CA2E /* Framework.h in Headers */,
			);
			runOnlyForDeploymentPostprocessing = 0;
		};
/* End PBXHeadersBuildPhase section */

/* Begin PBXNativeTarget section */
		837986751E31AAC900B0CA2E /* BBTestAppBundleIdentifiers */ = {
			isa = PBXNativeTarget;
			buildConfigurationList = 8379869B1E31AAC900B0CA2E /* Build configuration list for PBXNativeTarget "BBTestAppBundleIdentifiers" */;
			buildPhases = (
				837986721E31AAC900B0CA2E /* Sources */,
				837986731E31AAC900B0CA2E /* Frameworks */,
				837986741E31AAC900B0CA2E /* Resources */,
				837986B91E31AB2800B0CA2E /* Embed App Extensions */,
				837986E51E31AB3C00B0CA2E /* Embed Watch Content */,
				837987051E31AB4900B0CA2E /* Embed Frameworks */,
			);
			buildRules = (
			);
			dependencies = (
				837986B41E31AB2800B0CA2E /* PBXTargetDependency */,
				837986DC1E31AB3C00B0CA2E /* PBXTargetDependency */,
				837986FF1E31AB4900B0CA2E /* PBXTargetDependency */,
			);
			name = BBTestAppBundleIdentifiers;
			productName = BBTestAppBundleIdentifiers;
			productReference = 837986761E31AAC900B0CA2E /* BBTestAppBundleIdentifiers.app */;
			productType = "com.apple.product-type.application";
		};
		837986911E31AAC900B0CA2E /* BBTestAppBundleIdentifiersTests */ = {
			isa = PBXNativeTarget;
			buildConfigurationList = 8379869E1E31AAC900B0CA2E /* Build configuration list for PBXNativeTarget "BBTestAppBundleIdentifiersTests" */;
			buildPhases = (
				8379868E1E31AAC900B0CA2E /* Sources */,
				8379868F1E31AAC900B0CA2E /* Frameworks */,
				837986901E31AAC900B0CA2E /* Resources */,
			);
			buildRules = (
			);
			dependencies = (
				837986941E31AAC900B0CA2E /* PBXTargetDependency */,
			);
			name = BBTestAppBundleIdentifiersTests;
			productName = BBTestAppBundleIdentifiersTests;
			productReference = 837986921E31AAC900B0CA2E /* BBTestAppBundleIdentifiersTests.xctest */;
			productType = "com.apple.product-type.bundle.unit-test";
		};
		837986A41E31AB2800B0CA2E /* iMessageApp */ = {
			isa = PBXNativeTarget;
			buildConfigurationList = 837986B61E31AB2800B0CA2E /* Build configuration list for PBXNativeTarget "iMessageApp" */;
			buildPhases = (
				837986A11E31AB2800B0CA2E /* Sources */,
				837986A21E31AB2800B0CA2E /* Frameworks */,
				837986A31E31AB2800B0CA2E /* Resources */,
			);
			buildRules = (
			);
			dependencies = (
			);
			name = iMessageApp;
			productName = iMessageApp;
			productReference = 837986A51E31AB2800B0CA2E /* iMessageApp.appex */;
			productType = "com.apple.product-type.app-extension.messages";
		};
		837986BB1E31AB3C00B0CA2E /* WatchApp */ = {
			isa = PBXNativeTarget;
			buildConfigurationList = 837986E21E31AB3C00B0CA2E /* Build configuration list for PBXNativeTarget "WatchApp" */;
			buildPhases = (
				837986BA1E31AB3C00B0CA2E /* Resources */,
				837986E11E31AB3C00B0CA2E /* Embed App Extensions */,
			);
			buildRules = (
			);
			dependencies = (
				837986CB1E31AB3C00B0CA2E /* PBXTargetDependency */,
			);
			name = WatchApp;
			productName = WatchApp;
			productReference = 837986BC1E31AB3C00B0CA2E /* WatchApp.app */;
			productType = "com.apple.product-type.application.watchapp2";
		};
		837986C71E31AB3C00B0CA2E /* WatchApp Extension */ = {
			isa = PBXNativeTarget;
			buildConfigurationList = 837986DE1E31AB3C00B0CA2E /* Build configuration list for PBXNativeTarget "WatchApp Extension" */;
			buildPhases = (
				837986C41E31AB3C00B0CA2E /* Sources */,
				837986C51E31AB3C00B0CA2E /* Frameworks */,
				837986C61E31AB3C00B0CA2E /* Resources */,
			);
			buildRules = (
			);
			dependencies = (
			);
			name = "WatchApp Extension";
			productName = "WatchApp Extension";
			productReference = 837986C81E31AB3C00B0CA2E /* WatchApp Extension.appex */;
			productType = "com.apple.product-type.watchkit2-extension";
		};
		837986EA1E31AB4900B0CA2E /* Framework */ = {
			isa = PBXNativeTarget;
			buildConfigurationList = 837987021E31AB4900B0CA2E /* Build configuration list for PBXNativeTarget "Framework" */;
			buildPhases = (
				837986E61E31AB4900B0CA2E /* Sources */,
				837986E71E31AB4900B0CA2E /* Frameworks */,
				837986E81E31AB4900B0CA2E /* Headers */,
				837986E91E31AB4900B0CA2E /* Resources */,
			);
			buildRules = (
			);
			dependencies = (
			);
			name = Framework;
			productName = Framework;
			productReference = 837986EB1E31AB4900B0CA2E /* Framework.framework */;
			productType = "com.apple.product-type.framework";
		};
		837986F21E31AB4900B0CA2E /* FrameworkTests */ = {
			isa = PBXNativeTarget;
			buildConfigurationList = 837987061E31AB4900B0CA2E /* Build configuration list for PBXNativeTarget "FrameworkTests" */;
			buildPhases = (
				837986EF1E31AB4900B0CA2E /* Sources */,
				837986F01E31AB4900B0CA2E /* Frameworks */,
				837986F11E31AB4900B0CA2E /* Resources */,
			);
			buildRules = (
			);
			dependencies = (
				837986F61E31AB4900B0CA2E /* PBXTargetDependency */,
				837986F81E31AB4900B0CA2E /* PBXTargetDependency */,
			);
			name = FrameworkTests;
			productName = FrameworkTests;
			productReference = 837986F31E31AB4900B0CA2E /* FrameworkTests.xctest */;
			productType = "com.apple.product-type.bundle.unit-test";
		};
/* End PBXNativeTarget section */

/* Begin PBXProject section */
		8379866E1E31AAC900B0CA2E /* Project object */ = {
			isa = PBXProject;
			attributes = {
				LastUpgradeCheck = 0820;
				ORGANIZATIONNAME = "Chris Stott";
				TargetAttributes = {
					837986751E31AAC900B0CA2E = {
						CreatedOnToolsVersion = 8.2;
						DevelopmentTeam = L4FET847JL;
						ProvisioningStyle = Automatic;
					};
					837986911E31AAC900B0CA2E = {
						CreatedOnToolsVersion = 8.2;
						DevelopmentTeam = L4FET847JL;
						ProvisioningStyle = Automatic;
						TestTargetID = 837986751E31AAC900B0CA2E;
					};
					837986A41E31AB2800B0CA2E = {
						CreatedOnToolsVersion = 8.2;
						DevelopmentTeam = L4FET847JL;
						ProvisioningStyle = Automatic;
					};
					837986BB1E31AB3C00B0CA2E = {
						CreatedOnToolsVersion = 8.2;
						DevelopmentTeam = L4FET847JL;
						ProvisioningStyle = Automatic;
					};
					837986C71E31AB3C00B0CA2E = {
						CreatedOnToolsVersion = 8.2;
						DevelopmentTeam = L4FET847JL;
						ProvisioningStyle = Automatic;
					};
					837986EA1E31AB4900B0CA2E = {
						CreatedOnToolsVersion = 8.2;
						DevelopmentTeam = L4FET847JL;
						ProvisioningStyle = Automatic;
					};
					837986F21E31AB4900B0CA2E = {
						CreatedOnToolsVersion = 8.2;
						DevelopmentTeam = L4FET847JL;
						ProvisioningStyle = Automatic;
						TestTargetID = 837986751E31AAC900B0CA2E;
					};
				};
			};
			buildConfigurationList = 837986711E31AAC900B0CA2E /* Build configuration list for PBXProject "BBTestAppBundleIdentifiers" */;
			compatibilityVersion = "Xcode 3.2";
			developmentRegion = English;
			hasScannedForEncodings = 0;
			knownRegions = (
				en,
				Base,
			);
			mainGroup = 8379866D1E31AAC900B0CA2E;
			productRefGroup = 837986771E31AAC900B0CA2E /* Products */;
			projectDirPath = "";
			projectRoot = "";
			targets = (
				837986751E31AAC900B0CA2E /* BBTestAppBundleIdentifiers */,
				837986911E31AAC900B0CA2E /* BBTestAppBundleIdentifiersTests */,
				837986A41E31AB2800B0CA2E /* iMessageApp */,
				837986BB1E31AB3C00B0CA2E /* WatchApp */,
				837986C71E31AB3C00B0CA2E /* WatchApp Extension */,
				837986EA1E31AB4900B0CA2E /* Framework */,
				837986F21E31AB4900B0CA2E /* FrameworkTests */,
			);
		};
/* End PBXProject section */

/* Begin PBXResourcesBuildPhase section */
		837986741E31AAC900B0CA2E /* Resources */ = {
			isa = PBXResourcesBuildPhase;
			buildActionMask = 2147483647;
			files = (
				8379868C1E31AAC900B0CA2E /* LaunchScreen.storyboard in Resources */,
				837986891E31AAC900B0CA2E /* Assets.xcassets in Resources */,
				837986841E31AAC900B0CA2E /* Main.storyboard in Resources */,
			);
			runOnlyForDeploymentPostprocessing = 0;
		};
		837986901E31AAC900B0CA2E /* Resources */ = {
			isa = PBXResourcesBuildPhase;
			buildActionMask = 2147483647;
			files = (
			);
			runOnlyForDeploymentPostprocessing = 0;
		};
		837986A31E31AB2800B0CA2E /* Resources */ = {
			isa = PBXResourcesBuildPhase;
			buildActionMask = 2147483647;
			files = (
				837986B11E31AB2800B0CA2E /* Assets.xcassets in Resources */,
				837986AF1E31AB2800B0CA2E /* MainInterface.storyboard in Resources */,
			);
			runOnlyForDeploymentPostprocessing = 0;
		};
		837986BA1E31AB3C00B0CA2E /* Resources */ = {
			isa = PBXResourcesBuildPhase;
			buildActionMask = 2147483647;
			files = (
				837986C21E31AB3C00B0CA2E /* Assets.xcassets in Resources */,
				837986C01E31AB3C00B0CA2E /* Interface.storyboard in Resources */,
			);
			runOnlyForDeploymentPostprocessing = 0;
		};
		837986C61E31AB3C00B0CA2E /* Resources */ = {
			isa = PBXResourcesBuildPhase;
			buildActionMask = 2147483647;
			files = (
				837986D91E31AB3C00B0CA2E /* Assets.xcassets in Resources */,
			);
			runOnlyForDeploymentPostprocessing = 0;
		};
		837986E91E31AB4900B0CA2E /* Resources */ = {
			isa = PBXResourcesBuildPhase;
			buildActionMask = 2147483647;
			files = (
			);
			runOnlyForDeploymentPostprocessing = 0;
		};
		837986F11E31AB4900B0CA2E /* Resources */ = {
			isa = PBXResourcesBuildPhase;
			buildActionMask = 2147483647;
			files = (
			);
			runOnlyForDeploymentPostprocessing = 0;
		};
/* End PBXResourcesBuildPhase section */

/* Begin PBXSourcesBuildPhase section */
		837986721E31AAC900B0CA2E /* Sources */ = {
			isa = PBXSourcesBuildPhase;
			buildActionMask = 2147483647;
			files = (
				837986871E31AAC900B0CA2E /* BBTestAppBundleIdentifiers.xcdatamodeld in Sources */,
				837986811E31AAC900B0CA2E /* ViewController.m in Sources */,
				8379867E1E31AAC900B0CA2E /* AppDelegate.m in Sources */,
				8379867B1E31AAC900B0CA2E /* main.m in Sources */,
			);
			runOnlyForDeploymentPostprocessing = 0;
		};
		8379868E1E31AAC900B0CA2E /* Sources */ = {
			isa = PBXSourcesBuildPhase;
			buildActionMask = 2147483647;
			files = (
				837986971E31AAC900B0CA2E /* BBTestAppBundleIdentifiersTests.m in Sources */,
			);
			runOnlyForDeploymentPostprocessing = 0;
		};
		837986A11E31AB2800B0CA2E /* Sources */ = {
			isa = PBXSourcesBuildPhase;
			buildActionMask = 2147483647;
			files = (
				837986AC1E31AB2800B0CA2E /* MessagesViewController.m in Sources */,
			);
			runOnlyForDeploymentPostprocessing = 0;
		};
		837986C41E31AB3C00B0CA2E /* Sources */ = {
			isa = PBXSourcesBuildPhase;
			buildActionMask = 2147483647;
			files = (
				837986D41E31AB3C00B0CA2E /* ExtensionDelegate.m in Sources */,
				837986D11E31AB3C00B0CA2E /* InterfaceController.m in Sources */,
				837986D71E31AB3C00B0CA2E /* NotificationController.m in Sources */,
			);
			runOnlyForDeploymentPostprocessing = 0;
		};
		837986E61E31AB4900B0CA2E /* Sources */ = {
			isa = PBXSourcesBuildPhase;
			buildActionMask = 2147483647;
			files = (
			);
			runOnlyForDeploymentPostprocessing = 0;
		};
		837986EF1E31AB4900B0CA2E /* Sources */ = {
			isa = PBXSourcesBuildPhase;
			buildActionMask = 2147483647;
			files = (
				837986FB1E31AB4900B0CA2E /* FrameworkTests.m in Sources */,
			);
			runOnlyForDeploymentPostprocessing = 0;
		};
/* End PBXSourcesBuildPhase section */

/* Begin PBXTargetDependency section */
		837986941E31AAC900B0CA2E /* PBXTargetDependency */ = {
			isa = PBXTargetDependency;
			target = 837986751E31AAC900B0CA2E /* BBTestAppBundleIdentifiers */;
			targetProxy = 837986931E31AAC900B0CA2E /* PBXContainerItemProxy */;
		};
		837986B41E31AB2800B0CA2E /* PBXTargetDependency */ = {
			isa = PBXTargetDependency;
			target = 837986A41E31AB2800B0CA2E /* iMessageApp */;
			targetProxy = 837986B31E31AB2800B0CA2E /* PBXContainerItemProxy */;
		};
		837986CB1E31AB3C00B0CA2E /* PBXTargetDependency */ = {
			isa = PBXTargetDependency;
			target = 837986C71E31AB3C00B0CA2E /* WatchApp Extension */;
			targetProxy = 837986CA1E31AB3C00B0CA2E /* PBXContainerItemProxy */;
		};
		837986DC1E31AB3C00B0CA2E /* PBXTargetDependency */ = {
			isa = PBXTargetDependency;
			target = 837986BB1E31AB3C00B0CA2E /* WatchApp */;
			targetProxy = 837986DB1E31AB3C00B0CA2E /* PBXContainerItemProxy */;
		};
		837986F61E31AB4900B0CA2E /* PBXTargetDependency */ = {
			isa = PBXTargetDependency;
			target = 837986EA1E31AB4900B0CA2E /* Framework */;
			targetProxy = 837986F51E31AB4900B0CA2E /* PBXContainerItemProxy */;
		};
		837986F81E31AB4900B0CA2E /* PBXTargetDependency */ = {
			isa = PBXTargetDependency;
			target = 837986751E31AAC900B0CA2E /* BBTestAppBundleIdentifiers */;
			targetProxy = 837986F71E31AB4900B0CA2E /* PBXContainerItemProxy */;
		};
		837986FF1E31AB4900B0CA2E /* PBXTargetDependency */ = {
			isa = PBXTargetDependency;
			target = 837986EA1E31AB4900B0CA2E /* Framework */;
			targetProxy = 837986FE1E31AB4900B0CA2E /* PBXContainerItemProxy */;
		};
/* End PBXTargetDependency section */

/* Begin PBXVariantGroup section */
		837986821E31AAC900B0CA2E /* Main.storyboard */ = {
			isa = PBXVariantGroup;
			children = (
				837986831E31AAC900B0CA2E /* Base */,
			);
			name = Main.storyboard;
			sourceTree = "<group>";
		};
		8379868A1E31AAC900B0CA2E /* LaunchScreen.storyboard */ = {
			isa = PBXVariantGroup;
			children = (
				8379868B1E31AAC900B0CA2E /* Base */,
			);
			name = LaunchScreen.storyboard;
			sourceTree = "<group>";
		};
		837986AD1E31AB2800B0CA2E /* MainInterface.storyboard */ = {
			isa = PBXVariantGroup;
			children = (
				837986AE1E31AB2800B0CA2E /* Base */,
			);
			name = MainInterface.storyboard;
			sourceTree = "<group>";
		};
		837986BE1E31AB3C00B0CA2E /* Interface.storyboard */ = {
			isa = PBXVariantGroup;
			children = (
				837986BF1E31AB3C00B0CA2E /* Base */,
			);
			name = Interface.storyboard;
			sourceTree = "<group>";
		};
/* End PBXVariantGroup section */

/* Begin XCBuildConfiguration section */
		837986991E31AAC900B0CA2E /* Debug */ = {
			isa = XCBuildConfiguration;
			buildSettings = {
				ALWAYS_SEARCH_USER_PATHS = NO;
				CLANG_ANALYZER_NONNULL = YES;
				CLANG_CXX_LANGUAGE_STANDARD = "gnu++0x";
				CLANG_CXX_LIBRARY = "libc++";
				CLANG_ENABLE_MODULES = YES;
				CLANG_ENABLE_OBJC_ARC = YES;
				CLANG_WARN_BOOL_CONVERSION = YES;
				CLANG_WARN_CONSTANT_CONVERSION = YES;
				CLANG_WARN_DIRECT_OBJC_ISA_USAGE = YES_ERROR;
				CLANG_WARN_DOCUMENTATION_COMMENTS = YES;
				CLANG_WARN_EMPTY_BODY = YES;
				CLANG_WARN_ENUM_CONVERSION = YES;
				CLANG_WARN_INFINITE_RECURSION = YES;
				CLANG_WARN_INT_CONVERSION = YES;
				CLANG_WARN_OBJC_ROOT_CLASS = YES_ERROR;
				CLANG_WARN_SUSPICIOUS_MOVE = YES;
				CLANG_WARN_UNREACHABLE_CODE = YES;
				CLANG_WARN__DUPLICATE_METHOD_MATCH = YES;
				"CODE_SIGN_IDENTITY[sdk=iphoneos*]" = "iPhone Developer";
				COPY_PHASE_STRIP = NO;
				DEBUG_INFORMATION_FORMAT = dwarf;
				ENABLE_STRICT_OBJC_MSGSEND = YES;
				ENABLE_TESTABILITY = YES;
				GCC_C_LANGUAGE_STANDARD = gnu99;
				GCC_DYNAMIC_NO_PIC = NO;
				GCC_NO_COMMON_BLOCKS = YES;
				GCC_OPTIMIZATION_LEVEL = 0;
				GCC_PREPROCESSOR_DEFINITIONS = (
					"DEBUG=1",
					"$(inherited)",
				);
				GCC_WARN_64_TO_32_BIT_CONVERSION = YES;
				GCC_WARN_ABOUT_RETURN_TYPE = YES_ERROR;
				GCC_WARN_UNDECLARED_SELECTOR = YES;
				GCC_WARN_UNINITIALIZED_AUTOS = YES_AGGRESSIVE;
				GCC_WARN_UNUSED_FUNCTION = YES;
				GCC_WARN_UNUSED_VARIABLE = YES;
				IPHONEOS_DEPLOYMENT_TARGET = 10.2;
				MTL_ENABLE_DEBUG_INFO = YES;
				ONLY_ACTIVE_ARCH = YES;
				SDKROOT = iphoneos;
				TARGETED_DEVICE_FAMILY = "1,2";
			};
			name = Debug;
		};
		8379869A1E31AAC900B0CA2E /* Release */ = {
			isa = XCBuildConfiguration;
			buildSettings = {
				ALWAYS_SEARCH_USER_PATHS = NO;
				CLANG_ANALYZER_NONNULL = YES;
				CLANG_CXX_LANGUAGE_STANDARD = "gnu++0x";
				CLANG_CXX_LIBRARY = "libc++";
				CLANG_ENABLE_MODULES = YES;
				CLANG_ENABLE_OBJC_ARC = YES;
				CLANG_WARN_BOOL_CONVERSION = YES;
				CLANG_WARN_CONSTANT_CONVERSION = YES;
				CLANG_WARN_DIRECT_OBJC_ISA_USAGE = YES_ERROR;
				CLANG_WARN_DOCUMENTATION_COMMENTS = YES;
				CLANG_WARN_EMPTY_BODY = YES;
				CLANG_WARN_ENUM_CONVERSION = YES;
				CLANG_WARN_INFINITE_RECURSION = YES;
				CLANG_WARN_INT_CONVERSION = YES;
				CLANG_WARN_OBJC_ROOT_CLASS = YES_ERROR;
				CLANG_WARN_SUSPICIOUS_MOVE = YES;
				CLANG_WARN_UNREACHABLE_CODE = YES;
				CLANG_WARN__DUPLICATE_METHOD_MATCH = YES;
				"CODE_SIGN_IDENTITY[sdk=iphoneos*]" = "iPhone Developer";
				COPY_PHASE_STRIP = NO;
				DEBUG_INFORMATION_FORMAT = "dwarf-with-dsym";
				ENABLE_NS_ASSERTIONS = NO;
				ENABLE_STRICT_OBJC_MSGSEND = YES;
				GCC_C_LANGUAGE_STANDARD = gnu99;
				GCC_NO_COMMON_BLOCKS = YES;
				GCC_WARN_64_TO_32_BIT_CONVERSION = YES;
				GCC_WARN_ABOUT_RETURN_TYPE = YES_ERROR;
				GCC_WARN_UNDECLARED_SELECTOR = YES;
				GCC_WARN_UNINITIALIZED_AUTOS = YES_AGGRESSIVE;
				GCC_WARN_UNUSED_FUNCTION = YES;
				GCC_WARN_UNUSED_VARIABLE = YES;
				IPHONEOS_DEPLOYMENT_TARGET = 10.2;
				MTL_ENABLE_DEBUG_INFO = NO;
				SDKROOT = iphoneos;
				TARGETED_DEVICE_FAMILY = "1,2";
				VALIDATE_PRODUCT = YES;
			};
			name = Release;
		};
		8379869C1E31AAC900B0CA2E /* Debug */ = {
			isa = XCBuildConfiguration;
			buildSettings = {
				ASSETCATALOG_COMPILER_APPICON_NAME = AppIcon;
				DEVELOPMENT_TEAM = L4FET847JL;
				INFOPLIST_FILE = BBTestAppBundleIdentifiers/Info.plist;
				LD_RUNPATH_SEARCH_PATHS = "$(inherited) @executable_path/Frameworks";
				PRODUCT_BUNDLE_IDENTIFIER = com.buddybuild.BBTestAppBundleIdentifiers;
				PRODUCT_NAME = "$(TARGET_NAME)";
			};
			name = Debug;
		};
		8379869D1E31AAC900B0CA2E /* Release */ = {
			isa = XCBuildConfiguration;
			buildSettings = {
				ASSETCATALOG_COMPILER_APPICON_NAME = AppIcon;
				DEVELOPMENT_TEAM = L4FET847JL;
				INFOPLIST_FILE = BBTestAppBundleIdentifiers/Info.plist;
				LD_RUNPATH_SEARCH_PATHS = "$(inherited) @executable_path/Frameworks";
				PRODUCT_BUNDLE_IDENTIFIER = com.buddybuild.BBTestAppBundleIdentifiers;
				PRODUCT_NAME = "$(TARGET_NAME)";
			};
			name = Release;
		};
		8379869F1E31AAC900B0CA2E /* Debug */ = {
			isa = XCBuildConfiguration;
			buildSettings = {
				BUNDLE_LOADER = "$(TEST_HOST)";
				DEVELOPMENT_TEAM = L4FET847JL;
				INFOPLIST_FILE = BBTestAppBundleIdentifiersTests/Info.plist;
				LD_RUNPATH_SEARCH_PATHS = "$(inherited) @executable_path/Frameworks @loader_path/Frameworks";
				PRODUCT_BUNDLE_IDENTIFIER = com.buddybuild.BBTestAppBundleIdentifiersTests;
				PRODUCT_NAME = "$(TARGET_NAME)";
				TEST_HOST = "$(BUILT_PRODUCTS_DIR)/BBTestAppBundleIdentifiers.app/BBTestAppBundleIdentifiers";
			};
			name = Debug;
		};
		837986A01E31AAC900B0CA2E /* Release */ = {
			isa = XCBuildConfiguration;
			buildSettings = {
				BUNDLE_LOADER = "$(TEST_HOST)";
				DEVELOPMENT_TEAM = L4FET847JL;
				INFOPLIST_FILE = BBTestAppBundleIdentifiersTests/Info.plist;
				LD_RUNPATH_SEARCH_PATHS = "$(inherited) @executable_path/Frameworks @loader_path/Frameworks";
				PRODUCT_BUNDLE_IDENTIFIER = com.buddybuild.BBTestAppBundleIdentifiersTests;
				PRODUCT_NAME = "$(TARGET_NAME)";
				TEST_HOST = "$(BUILT_PRODUCTS_DIR)/BBTestAppBundleIdentifiers.app/BBTestAppBundleIdentifiers";
			};
			name = Release;
		};
		837986B71E31AB2800B0CA2E /* Debug */ = {
			isa = XCBuildConfiguration;
			buildSettings = {
				ASSETCATALOG_COMPILER_APPICON_NAME = "iMessage App Icon";
				DEVELOPMENT_TEAM = L4FET847JL;
				INFOPLIST_FILE = iMessageApp/Info.plist;
				LD_RUNPATH_SEARCH_PATHS = "$(inherited) @executable_path/Frameworks @executable_path/../../Frameworks";
				PRODUCT_BUNDLE_IDENTIFIER = com.buddybuild.BBTestAppBundleIdentifiers.iMessageApp;
				PRODUCT_NAME = "$(TARGET_NAME)";
				SKIP_INSTALL = YES;
			};
			name = Debug;
		};
		837986B81E31AB2800B0CA2E /* Release */ = {
			isa = XCBuildConfiguration;
			buildSettings = {
				ASSETCATALOG_COMPILER_APPICON_NAME = "iMessage App Icon";
				DEVELOPMENT_TEAM = L4FET847JL;
				INFOPLIST_FILE = iMessageApp/Info.plist;
				LD_RUNPATH_SEARCH_PATHS = "$(inherited) @executable_path/Frameworks @executable_path/../../Frameworks";
				PRODUCT_BUNDLE_IDENTIFIER = com.buddybuild.BBTestAppBundleIdentifiers.iMessageApp;
				PRODUCT_NAME = "$(TARGET_NAME)";
				SKIP_INSTALL = YES;
			};
			name = Release;
		};
		837986DF1E31AB3C00B0CA2E /* Debug */ = {
			isa = XCBuildConfiguration;
			buildSettings = {
				ASSETCATALOG_COMPILER_COMPLICATION_NAME = Complication;
				DEVELOPMENT_TEAM = L4FET847JL;
				INFOPLIST_FILE = "WatchApp Extension/Info.plist";
				LD_RUNPATH_SEARCH_PATHS = "$(inherited) @executable_path/Frameworks @executable_path/../../Frameworks";
				PRODUCT_BUNDLE_IDENTIFIER = com.buddybuild.BBTestAppBundleIdentifiers.watchkitapp.watchkitextension;
				PRODUCT_NAME = "${TARGET_NAME}";
				SDKROOT = watchos;
				SKIP_INSTALL = YES;
				TARGETED_DEVICE_FAMILY = 4;
				WATCHOS_DEPLOYMENT_TARGET = 3.1;
			};
			name = Debug;
		};
		837986E01E31AB3C00B0CA2E /* Release */ = {
			isa = XCBuildConfiguration;
			buildSettings = {
				ASSETCATALOG_COMPILER_COMPLICATION_NAME = Complication;
				DEVELOPMENT_TEAM = L4FET847JL;
				INFOPLIST_FILE = "WatchApp Extension/Info.plist";
				LD_RUNPATH_SEARCH_PATHS = "$(inherited) @executable_path/Frameworks @executable_path/../../Frameworks";
				PRODUCT_BUNDLE_IDENTIFIER = com.buddybuild.BBTestAppBundleIdentifiers.watchkitapp.watchkitextension;
				PRODUCT_NAME = "${TARGET_NAME}";
				SDKROOT = watchos;
				SKIP_INSTALL = YES;
				TARGETED_DEVICE_FAMILY = 4;
				WATCHOS_DEPLOYMENT_TARGET = 3.1;
			};
			name = Release;
		};
		837986E31E31AB3C00B0CA2E /* Debug */ = {
			isa = XCBuildConfiguration;
			buildSettings = {
				ASSETCATALOG_COMPILER_APPICON_NAME = AppIcon;
				DEVELOPMENT_TEAM = L4FET847JL;
				IBSC_MODULE = WatchApp_Extension;
				INFOPLIST_FILE = WatchApp/Info.plist;
				PRODUCT_BUNDLE_IDENTIFIER = com.buddybuild.BBTestAppBundleIdentifiers.watchkitapp;
				PRODUCT_NAME = "$(TARGET_NAME)";
				SDKROOT = watchos;
				SKIP_INSTALL = YES;
				TARGETED_DEVICE_FAMILY = 4;
				WATCHOS_DEPLOYMENT_TARGET = 3.1;
			};
			name = Debug;
		};
		837986E41E31AB3C00B0CA2E /* Release */ = {
			isa = XCBuildConfiguration;
			buildSettings = {
				ASSETCATALOG_COMPILER_APPICON_NAME = AppIcon;
				DEVELOPMENT_TEAM = L4FET847JL;
				IBSC_MODULE = WatchApp_Extension;
				INFOPLIST_FILE = WatchApp/Info.plist;
				PRODUCT_BUNDLE_IDENTIFIER = com.buddybuild.BBTestAppBundleIdentifiers.watchkitapp;
				PRODUCT_NAME = "$(TARGET_NAME)";
				SDKROOT = watchos;
				SKIP_INSTALL = YES;
				TARGETED_DEVICE_FAMILY = 4;
				WATCHOS_DEPLOYMENT_TARGET = 3.1;
			};
			name = Release;
		};
		837987031E31AB4900B0CA2E /* Debug */ = {
			isa = XCBuildConfiguration;
			buildSettings = {
				CODE_SIGN_IDENTITY = "";
				CURRENT_PROJECT_VERSION = 1;
				DEFINES_MODULE = YES;
				DEVELOPMENT_TEAM = L4FET847JL;
				DYLIB_COMPATIBILITY_VERSION = 1;
				DYLIB_CURRENT_VERSION = 1;
				DYLIB_INSTALL_NAME_BASE = "@rpath";
				INFOPLIST_FILE = Framework/Info.plist;
				INSTALL_PATH = "$(LOCAL_LIBRARY_DIR)/Frameworks";
				LD_RUNPATH_SEARCH_PATHS = "$(inherited) @executable_path/Frameworks @loader_path/Frameworks";
				PRODUCT_BUNDLE_IDENTIFIER = com.buddybuild.Framework;
				PRODUCT_NAME = "$(TARGET_NAME)";
				SKIP_INSTALL = YES;
				VERSIONING_SYSTEM = "apple-generic";
				VERSION_INFO_PREFIX = "";
			};
			name = Debug;
		};
		837987041E31AB4900B0CA2E /* Release */ = {
			isa = XCBuildConfiguration;
			buildSettings = {
				CODE_SIGN_IDENTITY = "";
				CURRENT_PROJECT_VERSION = 1;
				DEFINES_MODULE = YES;
				DEVELOPMENT_TEAM = L4FET847JL;
				DYLIB_COMPATIBILITY_VERSION = 1;
				DYLIB_CURRENT_VERSION = 1;
				DYLIB_INSTALL_NAME_BASE = "@rpath";
				INFOPLIST_FILE = Framework/Info.plist;
				INSTALL_PATH = "$(LOCAL_LIBRARY_DIR)/Frameworks";
				LD_RUNPATH_SEARCH_PATHS = "$(inherited) @executable_path/Frameworks @loader_path/Frameworks";
				PRODUCT_BUNDLE_IDENTIFIER = com.buddybuild.Framework;
				PRODUCT_NAME = "$(TARGET_NAME)";
				SKIP_INSTALL = YES;
				VERSIONING_SYSTEM = "apple-generic";
				VERSION_INFO_PREFIX = "";
			};
			name = Release;
		};
		837987071E31AB4900B0CA2E /* Debug */ = {
			isa = XCBuildConfiguration;
			buildSettings = {
				DEVELOPMENT_TEAM = L4FET847JL;
				INFOPLIST_FILE = FrameworkTests/Info.plist;
				LD_RUNPATH_SEARCH_PATHS = "$(inherited) @executable_path/Frameworks @loader_path/Frameworks";
				PRODUCT_BUNDLE_IDENTIFIER = com.buddybuild.FrameworkTests;
				PRODUCT_NAME = "$(TARGET_NAME)";
				TEST_HOST = "$(BUILT_PRODUCTS_DIR)/BBTestAppBundleIdentifiers.app/BBTestAppBundleIdentifiers";
			};
			name = Debug;
		};
		837987081E31AB4900B0CA2E /* Release */ = {
			isa = XCBuildConfiguration;
			buildSettings = {
				DEVELOPMENT_TEAM = L4FET847JL;
				INFOPLIST_FILE = FrameworkTests/Info.plist;
				LD_RUNPATH_SEARCH_PATHS = "$(inherited) @executable_path/Frameworks @loader_path/Frameworks";
				PRODUCT_BUNDLE_IDENTIFIER = com.buddybuild.FrameworkTests;
				PRODUCT_NAME = "$(TARGET_NAME)";
				TEST_HOST = "$(BUILT_PRODUCTS_DIR)/BBTestAppBundleIdentifiers.app/BBTestAppBundleIdentifiers";
			};
			name = Release;
		};
/* End XCBuildConfiguration section */

/* Begin XCConfigurationList section */
		837986711E31AAC900B0CA2E /* Build configuration list for PBXProject "BBTestAppBundleIdentifiers" */ = {
			isa = XCConfigurationList;
			buildConfigurations = (
				837986991E31AAC900B0CA2E /* Debug */,
				8379869A1E31AAC900B0CA2E /* Release */,
			);
			defaultConfigurationIsVisible = 0;
			defaultConfigurationName = Release;
		};
		8379869B1E31AAC900B0CA2E /* Build configuration list for PBXNativeTarget "BBTestAppBundleIdentifiers" */ = {
			isa = XCConfigurationList;
			buildConfigurations = (
				8379869C1E31AAC900B0CA2E /* Debug */,
				8379869D1E31AAC900B0CA2E /* Release */,
			);
			defaultConfigurationIsVisible = 0;
		};
		8379869E1E31AAC900B0CA2E /* Build configuration list for PBXNativeTarget "BBTestAppBundleIdentifiersTests" */ = {
			isa = XCConfigurationList;
			buildConfigurations = (
				8379869F1E31AAC900B0CA2E /* Debug */,
				837986A01E31AAC900B0CA2E /* Release */,
			);
			defaultConfigurationIsVisible = 0;
		};
		837986B61E31AB2800B0CA2E /* Build configuration list for PBXNativeTarget "iMessageApp" */ = {
			isa = XCConfigurationList;
			buildConfigurations = (
				837986B71E31AB2800B0CA2E /* Debug */,
				837986B81E31AB2800B0CA2E /* Release */,
			);
			defaultConfigurationIsVisible = 0;
		};
		837986DE1E31AB3C00B0CA2E /* Build configuration list for PBXNativeTarget "WatchApp Extension" */ = {
			isa = XCConfigurationList;
			buildConfigurations = (
				837986DF1E31AB3C00B0CA2E /* Debug */,
				837986E01E31AB3C00B0CA2E /* Release */,
			);
			defaultConfigurationIsVisible = 0;
		};
		837986E21E31AB3C00B0CA2E /* Build configuration list for PBXNativeTarget "WatchApp" */ = {
			isa = XCConfigurationList;
			buildConfigurations = (
				837986E31E31AB3C00B0CA2E /* Debug */,
				837986E41E31AB3C00B0CA2E /* Release */,
			);
			defaultConfigurationIsVisible = 0;
		};
		837987021E31AB4900B0CA2E /* Build configuration list for PBXNativeTarget "Framework" */ = {
			isa = XCConfigurationList;
			buildConfigurations = (
				837987031E31AB4900B0CA2E /* Debug */,
				837987041E31AB4900B0CA2E /* Release */,
			);
			defaultConfigurationIsVisible = 0;
		};
		837987061E31AB4900B0CA2E /* Build configuration list for PBXNativeTarget "FrameworkTests" */ = {
			isa = XCConfigurationList;
			buildConfigurations = (
				837987071E31AB4900B0CA2E /* Debug */,
				837987081E31AB4900B0CA2E /* Release */,
			);
			defaultConfigurationIsVisible = 0;
		};
/* End XCConfigurationList section */

/* Begin XCVersionGroup section */
		837986851E31AAC900B0CA2E /* BBTestAppBundleIdentifiers.xcdatamodeld */ = {
			isa = XCVersionGroup;
			children = (
				837986861E31AAC900B0CA2E /* BBTestAppBundleIdentifiers.xcdatamodel */,
			);
			currentVersion = 837986861E31AAC900B0CA2E /* BBTestAppBundleIdentifiers.xcdatamodel */;
			path = BBTestAppBundleIdentifiers.xcdatamodeld;
			sourceTree = "<group>";
			versionGroupType = wrapper.xcdatamodel;
		};
/* End XCVersionGroup section */
	};
	rootObject = 8379866E1E31AAC900B0CA2E /* Project object */;
}
